// !$*UTF8*$!
{
	archiveVersion = 1;
	classes = {
	};
	objectVersion = 48;
	objects = {

/* Begin PBXBuildFile section */
		C008452C20750279006B8E20 /* libboost_system.dylib in Frameworks */ = {isa = PBXBuildFile; fileRef = C008452B20750278006B8E20 /* libboost_system.dylib */; };
		C036A0D720625F35001F6C73 /* MatrixLoader.cpp in Sources */ = {isa = PBXBuildFile; fileRef = C036A0D520625F35001F6C73 /* MatrixLoader.cpp */; };
		C036A0DA20628562001F6C73 /* CenterHeuristic.cpp in Sources */ = {isa = PBXBuildFile; fileRef = C036A0D820628562001F6C73 /* CenterHeuristic.cpp */; };
		C037269A205861EC00AB4143 /* SimpleHeuristic.cpp in Sources */ = {isa = PBXBuildFile; fileRef = C0372698205861EC00AB4143 /* SimpleHeuristic.cpp */; };
		C037269D205A740400AB4143 /* TreeWorker.cpp in Sources */ = {isa = PBXBuildFile; fileRef = C037269B205A740400AB4143 /* TreeWorker.cpp */; };
		C03726A0205AFF2300AB4143 /* Printer.cpp in Sources */ = {isa = PBXBuildFile; fileRef = C037269E205AFF2300AB4143 /* Printer.cpp */; };
		C07C79F3203AD6EE0013BD00 /* main.cpp in Sources */ = {isa = PBXBuildFile; fileRef = C07C79F2203AD6EE0013BD00 /* main.cpp */; };
		C07C7A01204596590013BD00 /* GraphLoader.cpp in Sources */ = {isa = PBXBuildFile; fileRef = C07C79FF204596590013BD00 /* GraphLoader.cpp */; };
		C0F38D29206D1568003CA923 /* Writer.cpp in Sources */ = {isa = PBXBuildFile; fileRef = C0F38D27206D1568003CA923 /* Writer.cpp */; };
/* End PBXBuildFile section */

/* Begin PBXCopyFilesBuildPhase section */
		C07C79ED203AD6EE0013BD00 /* CopyFiles */ = {
			isa = PBXCopyFilesBuildPhase;
			buildActionMask = 2147483647;
			dstPath = /usr/share/man/man1/;
			dstSubfolderSpec = 0;
			files = (
			);
			runOnlyForDeploymentPostprocessing = 1;
		};
/* End PBXCopyFilesBuildPhase section */

/* Begin PBXFileReference section */
		C00845292075024B006B8E20 /* usr */ = {isa = PBXFileReference; lastKnownFileType = folder; name = usr; path = ../../../../../usr; sourceTree = "<group>"; };
		C008452B20750278006B8E20 /* libboost_system.dylib */ = {isa = PBXFileReference; lastKnownFileType = "compiled.mach-o.dylib"; name = libboost_system.dylib; path = ../../../../../usr/local/Cellar/boost/1.66.0/lib/libboost_system.dylib; sourceTree = "<group>"; };
		C036A0D520625F35001F6C73 /* MatrixLoader.cpp */ = {isa = PBXFileReference; lastKnownFileType = sourcecode.cpp.cpp; path = MatrixLoader.cpp; sourceTree = "<group>"; };
		C036A0D620625F35001F6C73 /* MatrixLoader.hpp */ = {isa = PBXFileReference; lastKnownFileType = sourcecode.cpp.h; path = MatrixLoader.hpp; sourceTree = "<group>"; };
		C036A0D820628562001F6C73 /* CenterHeuristic.cpp */ = {isa = PBXFileReference; lastKnownFileType = sourcecode.cpp.cpp; path = CenterHeuristic.cpp; sourceTree = "<group>"; };
		C036A0D920628562001F6C73 /* CenterHeuristic.hpp */ = {isa = PBXFileReference; lastKnownFileType = sourcecode.cpp.h; path = CenterHeuristic.hpp; sourceTree = "<group>"; };
		C037269620585FA100AB4143 /* Heuristic.hpp */ = {isa = PBXFileReference; lastKnownFileType = sourcecode.cpp.h; path = Heuristic.hpp; sourceTree = "<group>"; };
		C0372698205861EC00AB4143 /* SimpleHeuristic.cpp */ = {isa = PBXFileReference; lastKnownFileType = sourcecode.cpp.cpp; path = SimpleHeuristic.cpp; sourceTree = "<group>"; };
		C0372699205861EC00AB4143 /* SimpleHeuristic.hpp */ = {isa = PBXFileReference; lastKnownFileType = sourcecode.cpp.h; path = SimpleHeuristic.hpp; sourceTree = "<group>"; };
		C037269B205A740400AB4143 /* TreeWorker.cpp */ = {isa = PBXFileReference; lastKnownFileType = sourcecode.cpp.cpp; path = TreeWorker.cpp; sourceTree = "<group>"; };
		C037269C205A740400AB4143 /* TreeWorker.hpp */ = {isa = PBXFileReference; lastKnownFileType = sourcecode.cpp.h; path = TreeWorker.hpp; sourceTree = "<group>"; };
		C037269E205AFF2300AB4143 /* Printer.cpp */ = {isa = PBXFileReference; lastKnownFileType = sourcecode.cpp.cpp; path = Printer.cpp; sourceTree = "<group>"; };
		C037269F205AFF2300AB4143 /* Printer.hpp */ = {isa = PBXFileReference; lastKnownFileType = sourcecode.cpp.h; path = Printer.hpp; sourceTree = "<group>"; };
		C07C79EF203AD6EE0013BD00 /* MultiTreeRouting */ = {isa = PBXFileReference; explicitFileType = "compiled.mach-o.executable"; includeInIndex = 0; path = MultiTreeRouting; sourceTree = BUILT_PRODUCTS_DIR; };
		C07C79F2203AD6EE0013BD00 /* main.cpp */ = {isa = PBXFileReference; lastKnownFileType = sourcecode.cpp.cpp; path = main.cpp; sourceTree = "<group>"; };
		C07C79FA203AD7F40013BD00 /* boost_1_66_0.tar.gz */ = {isa = PBXFileReference; lastKnownFileType = archive.gzip; name = boost_1_66_0.tar.gz; path = ../../../Desktop/boost_1_66_0.tar.gz; sourceTree = "<group>"; };
		C07C79FC203ADCF90013BD00 /* boost_1_66_0 */ = {isa = PBXFileReference; lastKnownFileType = folder; name = boost_1_66_0; path = ../../boost_1_66_0; sourceTree = "<group>"; };
		C07C79FF204596590013BD00 /* GraphLoader.cpp */ = {isa = PBXFileReference; lastKnownFileType = sourcecode.cpp.cpp; path = GraphLoader.cpp; sourceTree = "<group>"; };
		C07C7A00204596590013BD00 /* GraphLoader.hpp */ = {isa = PBXFileReference; lastKnownFileType = sourcecode.cpp.h; path = GraphLoader.hpp; sourceTree = "<group>"; };
		C0F38D27206D1568003CA923 /* Writer.cpp */ = {isa = PBXFileReference; lastKnownFileType = sourcecode.cpp.cpp; path = Writer.cpp; sourceTree = "<group>"; };
		C0F38D28206D1568003CA923 /* Writer.hpp */ = {isa = PBXFileReference; lastKnownFileType = sourcecode.cpp.h; path = Writer.hpp; sourceTree = "<group>"; };
/* End PBXFileReference section */

/* Begin PBXFrameworksBuildPhase section */
		C07C79EC203AD6EE0013BD00 /* Frameworks */ = {
			isa = PBXFrameworksBuildPhase;
			buildActionMask = 2147483647;
			files = (
				C008452C20750279006B8E20 /* libboost_system.dylib in Frameworks */,
			);
			runOnlyForDeploymentPostprocessing = 0;
		};
/* End PBXFrameworksBuildPhase section */

/* Begin PBXGroup section */
		C07C79E6203AD6EE0013BD00 = {
			isa = PBXGroup;
			children = (
				C07C79F1203AD6EE0013BD00 /* MultiTreeRouting */,
				C07C79F0203AD6EE0013BD00 /* Products */,
				C07C79F9203AD7F40013BD00 /* Frameworks */,
			);
			sourceTree = "<group>";
		};
		C07C79F0203AD6EE0013BD00 /* Products */ = {
			isa = PBXGroup;
			children = (
				C07C79EF203AD6EE0013BD00 /* MultiTreeRouting */,
			);
			name = Products;
			sourceTree = "<group>";
		};
		C07C79F1203AD6EE0013BD00 /* MultiTreeRouting */ = {
			isa = PBXGroup;
			children = (
				C07C79F2203AD6EE0013BD00 /* main.cpp */,
				C036A0D520625F35001F6C73 /* MatrixLoader.cpp */,
				C036A0D620625F35001F6C73 /* MatrixLoader.hpp */,
				C037269B205A740400AB4143 /* TreeWorker.cpp */,
				C037269C205A740400AB4143 /* TreeWorker.hpp */,
				C037269620585FA100AB4143 /* Heuristic.hpp */,
				C0372698205861EC00AB4143 /* SimpleHeuristic.cpp */,
				C036A0D820628562001F6C73 /* CenterHeuristic.cpp */,
				C036A0D920628562001F6C73 /* CenterHeuristic.hpp */,
				C0372699205861EC00AB4143 /* SimpleHeuristic.hpp */,
				C07C79FF204596590013BD00 /* GraphLoader.cpp */,
				C07C7A00204596590013BD00 /* GraphLoader.hpp */,
				C037269E205AFF2300AB4143 /* Printer.cpp */,
				C037269F205AFF2300AB4143 /* Printer.hpp */,
				C0F38D27206D1568003CA923 /* Writer.cpp */,
				C0F38D28206D1568003CA923 /* Writer.hpp */,
			);
			path = MultiTreeRouting;
			sourceTree = "<group>";
		};
		C07C79F9203AD7F40013BD00 /* Frameworks */ = {
			isa = PBXGroup;
			children = (
				C008452B20750278006B8E20 /* libboost_system.dylib */,
				C00845292075024B006B8E20 /* usr */,
				C07C79FC203ADCF90013BD00 /* boost_1_66_0 */,
				C07C79FA203AD7F40013BD00 /* boost_1_66_0.tar.gz */,
			);
			name = Frameworks;
			sourceTree = "<group>";
		};
/* End PBXGroup section */

/* Begin PBXNativeTarget section */
		C07C79EE203AD6EE0013BD00 /* MultiTreeRouting */ = {
			isa = PBXNativeTarget;
			buildConfigurationList = C07C79F6203AD6EE0013BD00 /* Build configuration list for PBXNativeTarget "MultiTreeRouting" */;
			buildPhases = (
				C07C79EB203AD6EE0013BD00 /* Sources */,
				C07C79EC203AD6EE0013BD00 /* Frameworks */,
				C07C79ED203AD6EE0013BD00 /* CopyFiles */,
			);
			buildRules = (
			);
			dependencies = (
			);
			name = MultiTreeRouting;
			productName = MultiTreeRouting;
			productReference = C07C79EF203AD6EE0013BD00 /* MultiTreeRouting */;
			productType = "com.apple.product-type.tool";
		};
/* End PBXNativeTarget section */

/* Begin PBXProject section */
		C07C79E7203AD6EE0013BD00 /* Project object */ = {
			isa = PBXProject;
			attributes = {
				LastUpgradeCheck = 0920;
				ORGANIZATIONNAME = MatteoMorisoli;
				TargetAttributes = {
					C07C79EE203AD6EE0013BD00 = {
						CreatedOnToolsVersion = 9.2;
						ProvisioningStyle = Automatic;
					};
				};
			};
			buildConfigurationList = C07C79EA203AD6EE0013BD00 /* Build configuration list for PBXProject "MultiTreeRouting" */;
			compatibilityVersion = "Xcode 8.0";
			developmentRegion = en;
			hasScannedForEncodings = 0;
			knownRegions = (
				en,
			);
			mainGroup = C07C79E6203AD6EE0013BD00;
			productRefGroup = C07C79F0203AD6EE0013BD00 /* Products */;
			projectDirPath = "";
			projectRoot = "";
			targets = (
				C07C79EE203AD6EE0013BD00 /* MultiTreeRouting */,
			);
		};
/* End PBXProject section */

/* Begin PBXSourcesBuildPhase section */
		C07C79EB203AD6EE0013BD00 /* Sources */ = {
			isa = PBXSourcesBuildPhase;
			buildActionMask = 2147483647;
			files = (
				C0F38D29206D1568003CA923 /* Writer.cpp in Sources */,
				C03726A0205AFF2300AB4143 /* Printer.cpp in Sources */,
				C036A0D720625F35001F6C73 /* MatrixLoader.cpp in Sources */,
				C07C79F3203AD6EE0013BD00 /* main.cpp in Sources */,
				C037269D205A740400AB4143 /* TreeWorker.cpp in Sources */,
				C037269A205861EC00AB4143 /* SimpleHeuristic.cpp in Sources */,
				C07C7A01204596590013BD00 /* GraphLoader.cpp in Sources */,
				C036A0DA20628562001F6C73 /* CenterHeuristic.cpp in Sources */,
			);
			runOnlyForDeploymentPostprocessing = 0;
		};
/* End PBXSourcesBuildPhase section */

/* Begin XCBuildConfiguration section */
		C07C79F4203AD6EE0013BD00 /* Debug */ = {
			isa = XCBuildConfiguration;
			buildSettings = {
				ALWAYS_SEARCH_USER_PATHS = NO;
				CLANG_ANALYZER_NONNULL = YES;
				CLANG_ANALYZER_NUMBER_OBJECT_CONVERSION = YES_AGGRESSIVE;
				CLANG_CXX_LANGUAGE_STANDARD = "gnu++14";
				CLANG_CXX_LIBRARY = "libc++";
				CLANG_ENABLE_MODULES = YES;
				CLANG_ENABLE_OBJC_ARC = YES;
				CLANG_WARN_BLOCK_CAPTURE_AUTORELEASING = YES;
				CLANG_WARN_BOOL_CONVERSION = YES;
				CLANG_WARN_COMMA = YES;
				CLANG_WARN_CONSTANT_CONVERSION = YES;
				CLANG_WARN_DIRECT_OBJC_ISA_USAGE = YES_ERROR;
				CLANG_WARN_DOCUMENTATION_COMMENTS = YES;
				CLANG_WARN_EMPTY_BODY = YES;
				CLANG_WARN_ENUM_CONVERSION = YES;
				CLANG_WARN_INFINITE_RECURSION = YES;
				CLANG_WARN_INT_CONVERSION = YES;
				CLANG_WARN_NON_LITERAL_NULL_CONVERSION = YES;
				CLANG_WARN_OBJC_LITERAL_CONVERSION = YES;
				CLANG_WARN_OBJC_ROOT_CLASS = YES_ERROR;
				CLANG_WARN_RANGE_LOOP_ANALYSIS = YES;
				CLANG_WARN_STRICT_PROTOTYPES = YES;
				CLANG_WARN_SUSPICIOUS_MOVE = YES;
				CLANG_WARN_UNGUARDED_AVAILABILITY = YES_AGGRESSIVE;
				CLANG_WARN_UNREACHABLE_CODE = YES;
				CLANG_WARN__DUPLICATE_METHOD_MATCH = YES;
				CODE_SIGN_IDENTITY = "-";
				COPY_PHASE_STRIP = NO;
				DEBUG_INFORMATION_FORMAT = dwarf;
				ENABLE_STRICT_OBJC_MSGSEND = YES;
				ENABLE_TESTABILITY = YES;
				GCC_C_LANGUAGE_STANDARD = gnu11;
				GCC_DYNAMIC_NO_PIC = NO;
				GCC_NO_COMMON_BLOCKS = YES;
				GCC_OPTIMIZATION_LEVEL = 0;
				GCC_PREPROCESSOR_DEFINITIONS = (
					"DEBUG=1",
					"$(inherited)",
				);
				GCC_WARN_64_TO_32_BIT_CONVERSION = YES;
				GCC_WARN_ABOUT_RETURN_TYPE = YES_ERROR;
				GCC_WARN_UNDECLARED_SELECTOR = YES;
				GCC_WARN_UNINITIALIZED_AUTOS = YES_AGGRESSIVE;
				GCC_WARN_UNUSED_FUNCTION = YES;
				GCC_WARN_UNUSED_VARIABLE = YES;
				MACOSX_DEPLOYMENT_TARGET = 10.13;
				MTL_ENABLE_DEBUG_INFO = YES;
				ONLY_ACTIVE_ARCH = YES;
				SDKROOT = macosx;
			};
			name = Debug;
		};
		C07C79F5203AD6EE0013BD00 /* Release */ = {
			isa = XCBuildConfiguration;
			buildSettings = {
				ALWAYS_SEARCH_USER_PATHS = NO;
				CLANG_ANALYZER_NONNULL = YES;
				CLANG_ANALYZER_NUMBER_OBJECT_CONVERSION = YES_AGGRESSIVE;
				CLANG_CXX_LANGUAGE_STANDARD = "gnu++14";
				CLANG_CXX_LIBRARY = "libc++";
				CLANG_ENABLE_MODULES = YES;
				CLANG_ENABLE_OBJC_ARC = YES;
				CLANG_WARN_BLOCK_CAPTURE_AUTORELEASING = YES;
				CLANG_WARN_BOOL_CONVERSION = YES;
				CLANG_WARN_COMMA = YES;
				CLANG_WARN_CONSTANT_CONVERSION = YES;
				CLANG_WARN_DIRECT_OBJC_ISA_USAGE = YES_ERROR;
				CLANG_WARN_DOCUMENTATION_COMMENTS = YES;
				CLANG_WARN_EMPTY_BODY = YES;
				CLANG_WARN_ENUM_CONVERSION = YES;
				CLANG_WARN_INFINITE_RECURSION = YES;
				CLANG_WARN_INT_CONVERSION = YES;
				CLANG_WARN_NON_LITERAL_NULL_CONVERSION = YES;
				CLANG_WARN_OBJC_LITERAL_CONVERSION = YES;
				CLANG_WARN_OBJC_ROOT_CLASS = YES_ERROR;
				CLANG_WARN_RANGE_LOOP_ANALYSIS = YES;
				CLANG_WARN_STRICT_PROTOTYPES = YES;
				CLANG_WARN_SUSPICIOUS_MOVE = YES;
				CLANG_WARN_UNGUARDED_AVAILABILITY = YES_AGGRESSIVE;
				CLANG_WARN_UNREACHABLE_CODE = YES;
				CLANG_WARN__DUPLICATE_METHOD_MATCH = YES;
				CODE_SIGN_IDENTITY = "-";
				COPY_PHASE_STRIP = NO;
				DEBUG_INFORMATION_FORMAT = "dwarf-with-dsym";
				ENABLE_NS_ASSERTIONS = NO;
				ENABLE_STRICT_OBJC_MSGSEND = YES;
				GCC_C_LANGUAGE_STANDARD = gnu11;
				GCC_NO_COMMON_BLOCKS = YES;
				GCC_WARN_64_TO_32_BIT_CONVERSION = YES;
				GCC_WARN_ABOUT_RETURN_TYPE = YES_ERROR;
				GCC_WARN_UNDECLARED_SELECTOR = YES;
				GCC_WARN_UNINITIALIZED_AUTOS = YES_AGGRESSIVE;
				GCC_WARN_UNUSED_FUNCTION = YES;
				GCC_WARN_UNUSED_VARIABLE = YES;
				MACOSX_DEPLOYMENT_TARGET = 10.13;
				MTL_ENABLE_DEBUG_INFO = NO;
				SDKROOT = macosx;
			};
			name = Release;
		};
		C07C79F7203AD6EE0013BD00 /* Debug */ = {
			isa = XCBuildConfiguration;
			buildSettings = {
				CODE_SIGN_STYLE = Automatic;
				HEADER_SEARCH_PATHS = /usr/local/Cellar/boost/1.66.0/include/;
				LIBRARY_SEARCH_PATHS = (
					/usr/local/Cellar/boost/1.66.0/lib/,
					/usr/local/Cellar/boost/1.66.0/lib,
				);
				PRODUCT_NAME = "$(TARGET_NAME)";
			};
			name = Debug;
		};
		C07C79F8203AD6EE0013BD00 /* Release */ = {
			isa = XCBuildConfiguration;
			buildSettings = {
				CODE_SIGN_STYLE = Automatic;
				HEADER_SEARCH_PATHS = /usr/local/Cellar/boost/1.66.0/include/;
				LIBRARY_SEARCH_PATHS = (
					/usr/local/Cellar/boost/1.66.0/lib/,
					/usr/local/Cellar/boost/1.66.0/lib,
				);
				PRODUCT_NAME = "$(TARGET_NAME)";
			};
			name = Release;
		};
/* End XCBuildConfiguration section */

/* Begin XCConfigurationList section */
		C07C79EA203AD6EE0013BD00 /* Build configuration list for PBXProject "MultiTreeRouting" */ = {
			isa = XCConfigurationList;
			buildConfigurations = (
				C07C79F4203AD6EE0013BD00 /* Debug */,
				C07C79F5203AD6EE0013BD00 /* Release */,
			);
			defaultConfigurationIsVisible = 0;
			defaultConfigurationName = Release;
		};
		C07C79F6203AD6EE0013BD00 /* Build configuration list for PBXNativeTarget "MultiTreeRouting" */ = {
			isa = XCConfigurationList;
			buildConfigurations = (
				C07C79F7203AD6EE0013BD00 /* Debug */,
				C07C79F8203AD6EE0013BD00 /* Release */,
			);
			defaultConfigurationIsVisible = 0;
			defaultConfigurationName = Release;
		};
/* End XCConfigurationList section */
	};
	rootObject = C07C79E7203AD6EE0013BD00 /* Project object */;
}
